lockfileVersion: '9.0'

settings:
  autoInstallPeers: true
  excludeLinksFromLockfile: false

importers:

  .:
    dependencies:
      '@monaco-editor/react':
        specifier: ^4.7.0
        version: 4.7.0(monaco-editor@0.53.0)(react-dom@19.1.1(react@19.1.1))(react@19.1.1)
      '@tauri-apps/api':
        specifier: ^2.8.0
        version: 2.8.0
      '@xterm/addon-fit':
        specifier: ^0.11.0
        version: 0.11.0
      '@xterm/xterm':
        specifier: ^6.0.0
        version: 6.0.0
      monaco-editor:
        specifier: ^0.53.0
        version: 0.53.0
      node-pty:
        specifier: ^1.1.0
        version: 1.1.0
      react-router-dom:
        specifier: ^7.13.0
        version: 7.13.0(react-dom@19.1.1(react@19.1.1))(react@19.1.1)
      y-monaco:
        specifier: ^0.1.6
        version: 0.1.6(monaco-editor@0.53.0)(yjs@13.6.29)
      y-websocket:
        specifier: ^3.0.0
        version: 3.0.0(yjs@13.6.29)
      yjs:
        specifier: ^13.6.29
        version: 13.6.29
    devDependencies:
      '@tauri-apps/cli':
        specifier: ^2.9.6
        version: 2.10.0

packages:

  '@monaco-editor/loader@1.5.0':
    resolution: {integrity: sha512-hKoGSM+7aAc7eRTRjpqAZucPmoNOC4UUbknb/VNoTkEIkCPhqV8LfbsgM1webRM7S/z21eHEx9Fkwx8Z/C/+Xw==}

  '@monaco-editor/react@4.7.0':
    resolution: {integrity: sha512-cyzXQCtO47ydzxpQtCGSQGOC8Gk3ZUeBXFAxD+CWXYFo5OqZyZUonFl0DwUlTyAfRHntBfw2p3w4s9R6oe1eCA==}
    peerDependencies:
      monaco-editor: '>= 0.25.0 < 1'
      react: ^16.8.0 || ^17.0.0 || ^18.0.0 || ^19.0.0
      react-dom: ^16.8.0 || ^17.0.0 || ^18.0.0 || ^19.0.0

  '@tauri-apps/api@2.8.0':
    resolution: {integrity: sha512-ga7zdhbS2GXOMTIZRT0mYjKJtR9fivsXzsyq5U3vjDL0s6DTMwYRm0UHNjzTY5dh4+LSC68Sm/7WEiimbQNYlw==}

  '@tauri-apps/cli-darwin-arm64@2.10.0':
    resolution: {integrity: sha512-avqHD4HRjrMamE/7R/kzJPcAJnZs0IIS+1nkDP5b+TNBn3py7N2aIo9LIpy+VQq0AkN8G5dDpZtOOBkmWt/zjA==}
    engines: {node: '>= 10'}
    cpu: [arm64]
    os: [darwin]

  '@tauri-apps/cli-darwin-x64@2.10.0':
    resolution: {integrity: sha512-keDmlvJRStzVFjZTd0xYkBONLtgBC9eMTpmXnBXzsHuawV2q9PvDo2x6D5mhuoMVrJ9QWjgaPKBBCFks4dK71Q==}
    engines: {node: '>= 10'}
    cpu: [x64]
    os: [darwin]

  '@tauri-apps/cli-linux-arm-gnueabihf@2.10.0':
    resolution: {integrity: sha512-e5u0VfLZsMAC9iHaOEANumgl6lfnJx0Dtjkd8IJpysZ8jp0tJ6wrIkto2OzQgzcYyRCKgX72aKE0PFgZputA8g==}
    engines: {node: '>= 10'}
    cpu: [arm]
    os: [linux]

  '@tauri-apps/cli-linux-arm64-gnu@2.10.0':
    resolution: {integrity: sha512-YrYYk2dfmBs5m+OIMCrb+JH/oo+4FtlpcrTCgiFYc7vcs6m3QDd1TTyWu0u01ewsCtK2kOdluhr/zKku+KP7HA==}
    engines: {node: '>= 10'}
    cpu: [arm64]
    os: [linux]

  '@tauri-apps/cli-linux-arm64-musl@2.10.0':
    resolution: {integrity: sha512-GUoPdVJmrJRIXFfW3Rkt+eGK9ygOdyISACZfC/bCSfOnGt8kNdQIQr5WRH9QUaTVFIwxMlQyV3m+yXYP+xhSVA==}
    engines: {node: '>= 10'}
    cpu: [arm64]
    os: [linux]

  '@tauri-apps/cli-linux-riscv64-gnu@2.10.0':
    resolution: {integrity: sha512-JO7s3TlSxshwsoKNCDkyvsx5gw2QAs/Y2GbR5UE2d5kkU138ATKoPOtxn8G1fFT1aDW4LH0rYAAfBpGkDyJJnw==}
    engines: {node: '>= 10'}
    cpu: [riscv64]
    os: [linux]

  '@tauri-apps/cli-linux-x64-gnu@2.10.0':
    resolution: {integrity: sha512-Uvh4SUUp4A6DVRSMWjelww0GnZI3PlVy7VS+DRF5napKuIehVjGl9XD0uKoCoxwAQBLctvipyEK+pDXpJeoHng==}
    engines: {node: '>= 10'}
    cpu: [x64]
    os: [linux]

  '@tauri-apps/cli-linux-x64-musl@2.10.0':
    resolution: {integrity: sha512-AP0KRK6bJuTpQ8kMNWvhIpKUkQJfcPFeba7QshOQZjJ8wOS6emwTN4K5g/d3AbCMo0RRdnZWwu67MlmtJyxC1Q==}
    engines: {node: '>= 10'}
    cpu: [x64]
    os: [linux]

  '@tauri-apps/cli-win32-arm64-msvc@2.10.0':
    resolution: {integrity: sha512-97DXVU3dJystrq7W41IX+82JEorLNY+3+ECYxvXWqkq7DBN6FsA08x/EFGE8N/b0LTOui9X2dvpGGoeZKKV08g==}
    engines: {node: '>= 10'}
    cpu: [arm64]
    os: [win32]

  '@tauri-apps/cli-win32-ia32-msvc@2.10.0':
    resolution: {integrity: sha512-EHyQ1iwrWy1CwMalEm9z2a6L5isQ121pe7FcA2xe4VWMJp+GHSDDGvbTv/OPdkt2Lyr7DAZBpZHM6nvlHXEc4A==}
    engines: {node: '>= 10'}
    cpu: [ia32]
    os: [win32]

  '@tauri-apps/cli-win32-x64-msvc@2.10.0':
    resolution: {integrity: sha512-NTpyQxkpzGmU6ceWBTY2xRIEaS0ZLbVx1HE1zTA3TY/pV3+cPoPPOs+7YScr4IMzXMtOw7tLw5LEXo5oIG3qaQ==}
    engines: {node: '>= 10'}
    cpu: [x64]
    os: [win32]

  '@tauri-apps/cli@2.10.0':
    resolution: {integrity: sha512-ZwT0T+7bw4+DPCSWzmviwq5XbXlM0cNoleDKOYPFYqcZqeKY31KlpoMW/MOON/tOFBPgi31a2v3w9gliqwL2+Q==}
    engines: {node: '>= 10'}
    hasBin: true

  '@types/trusted-types@1.0.6':
    resolution: {integrity: sha512-230RC8sFeHoT6sSUlRO6a8cAnclO06eeiq1QDfiv2FGCLWFvvERWgwIQD4FWqD9A69BN7Lzee4OXwoMVnnsWDw==}

  '@xterm/addon-fit@0.11.0':
    resolution: {integrity: sha512-jYcgT6xtVYhnhgxh3QgYDnnNMYTcf8ElbxxFzX0IZo+vabQqSPAjC3c1wJrKB5E19VwQei89QCiZZP86DCPF7g==}

  '@xterm/xterm@6.0.0':
    resolution: {integrity: sha512-TQwDdQGtwwDt+2cgKDLn0IRaSxYu1tSUjgKarSDkUM0ZNiSRXFpjxEsvc/Zgc5kq5omJ+V0a8/kIM2WD3sMOYg==}

  cookie@1.1.1:
    resolution: {integrity: sha512-ei8Aos7ja0weRpFzJnEA9UHJ/7XQmqglbRwnf2ATjcB9Wq874VKH9kfjjirM6UhU2/E5fFYadylyhFldcqSidQ==}
    engines: {node: '>=18'}

  isomorphic.js@0.2.5:
    resolution: {integrity: sha512-PIeMbHqMt4DnUP3MA/Flc0HElYjMXArsw1qwJZcm9sqR8mq3l8NYizFMty0pWwE/tzIGH3EKK5+jes5mAr85yw==}

  lib0@0.2.117:
    resolution: {integrity: sha512-DeXj9X5xDCjgKLU/7RR+/HQEVzuuEUiwldwOGsHK/sfAfELGWEyTcf0x+uOvCvK3O2zPmZePXWL85vtia6GyZw==}
    engines: {node: '>=16'}
    hasBin: true

  monaco-editor@0.53.0:
    resolution: {integrity: sha512-0WNThgC6CMWNXXBxTbaYYcunj08iB5rnx4/G56UOPeL9UVIUGGHA1GR0EWIh9Ebabj7NpCRawQ5b0hfN1jQmYQ==}

  node-addon-api@7.1.1:
    resolution: {integrity: sha512-5m3bsyrjFWE1xf7nz7YXdN4udnVtXK6/Yfgn5qnahL6bCkf2yKt4k3nuTKAtT4r3IG8JNR2ncsIMdZuAzJjHQQ==}

  node-pty@1.1.0:
    resolution: {integrity: sha512-20JqtutY6JPXTUnL0ij1uad7Qe1baT46lyolh2sSENDd4sTzKZ4nmAFkeAARDKwmlLjPx6XKRlwRUxwjOy+lUg==}

  react-dom@19.1.1:
    resolution: {integrity: sha512-Dlq/5LAZgF0Gaz6yiqZCf6VCcZs1ghAJyrsu84Q/GT0gV+mCxbfmKNoGRKBYMJ8IEdGPqu49YWXD02GCknEDkw==}
    peerDependencies:
      react: ^19.1.1

  react-router-dom@7.13.0:
    resolution: {integrity: sha512-5CO/l5Yahi2SKC6rGZ+HDEjpjkGaG/ncEP7eWFTvFxbHP8yeeI0PxTDjimtpXYlR3b3i9/WIL4VJttPrESIf2g==}
    engines: {node: '>=20.0.0'}
    peerDependencies:
      react: '>=18'
      react-dom: '>=18'

  react-router@7.13.0:
    resolution: {integrity: sha512-PZgus8ETambRT17BUm/LL8lX3Of+oiLaPuVTRH3l1eLvSPpKO3AvhAEb5N7ihAFZQrYDqkvvWfFh9p0z9VsjLw==}
    engines: {node: '>=20.0.0'}
    peerDependencies:
      react: '>=18'
      react-dom: '>=18'
    peerDependenciesMeta:
      react-dom:
        optional: true

  react@19.1.1:
    resolution: {integrity: sha512-w8nqGImo45dmMIfljjMwOGtbmC/mk4CMYhWIicdSflH91J9TyCyczcPFXJzrZ/ZXcgGRFeP6BU0BEJTw6tZdfQ==}
    engines: {node: '>=0.10.0'}

  scheduler@0.26.0:
    resolution: {integrity: sha512-NlHwttCI/l5gCPR3D1nNXtWABUmBwvZpEQiD4IXSbIDq8BzLIK/7Ir5gTFSGZDUu37K5cMNp0hFtzO38sC7gWA==}

  set-cookie-parser@2.7.2:
    resolution: {integrity: sha512-oeM1lpU/UvhTxw+g3cIfxXHyJRc/uidd3yK1P242gzHds0udQBYzs3y8j4gCCW+ZJ7ad0yctld8RYO+bdurlvw==}

  state-local@1.0.7:
    resolution: {integrity: sha512-HTEHMNieakEnoe33shBYcZ7NX83ACUjCu8c40iOGEZsngj9zRnkqS9j1pqQPXwobB0ZcVTk27REb7COQ0UR59w==}

  y-monaco@0.1.6:
    resolution: {integrity: sha512-sYRywMmcylt+Nupl+11AvizD2am06ST8lkVbUXuaEmrtV6Tf+TD4rsEm6u9YGGowYue+Vfg1IJ97SUP2J+PVXg==}
    engines: {node: '>=12.0.0', npm: '>=6.0.0'}
    peerDependencies:
      monaco-editor: '>=0.20.0'
      yjs: ^13.3.1

  y-protocols@1.0.7:
    resolution: {integrity: sha512-YSVsLoXxO67J6eE/nV4AtFtT3QEotZf5sK5BHxFBXso7VDUT3Tx07IfA6hsu5Q5OmBdMkQVmFZ9QOA7fikWvnw==}
    engines: {node: '>=16.0.0', npm: '>=8.0.0'}
    peerDependencies:
      yjs: ^13.0.0

  y-websocket@3.0.0:
    resolution: {integrity: sha512-mUHy7AzkOZ834T/7piqtlA8Yk6AchqKqcrCXjKW8J1w2lPtRDjz8W5/CvXz9higKAHgKRKqpI3T33YkRFLkPtg==}
    engines: {node: '>=16.0.0', npm: '>=8.0.0'}
    peerDependencies:
      yjs: ^13.5.6

  yjs@13.6.29:
    resolution: {integrity: sha512-kHqDPdltoXH+X4w1lVmMtddE3Oeqq48nM40FD5ojTd8xYhQpzIDcfE2keMSU5bAgRPJBe225WTUdyUgj1DtbiQ==}
    engines: {node: '>=16.0.0', npm: '>=8.0.0'}

snapshots:

  '@monaco-editor/loader@1.5.0':
    dependencies:
      state-local: 1.0.7

  '@monaco-editor/react@4.7.0(monaco-editor@0.53.0)(react-dom@19.1.1(react@19.1.1))(react@19.1.1)':
    dependencies:
      '@monaco-editor/loader': 1.5.0
      monaco-editor: 0.53.0
      react: 19.1.1
      react-dom: 19.1.1(react@19.1.1)

  '@tauri-apps/api@2.8.0': {}

  '@tauri-apps/cli-darwin-arm64@2.10.0':
    optional: true

  '@tauri-apps/cli-darwin-x64@2.10.0':
    optional: true

  '@tauri-apps/cli-linux-arm-gnueabihf@2.10.0':
    optional: true

  '@tauri-apps/cli-linux-arm64-gnu@2.10.0':
    optional: true

  '@tauri-apps/cli-linux-arm64-musl@2.10.0':
    optional: true

  '@tauri-apps/cli-linux-riscv64-gnu@2.10.0':
    optional: true

  '@tauri-apps/cli-linux-x64-gnu@2.10.0':
    optional: true

  '@tauri-apps/cli-linux-x64-musl@2.10.0':
    optional: true

  '@tauri-apps/cli-win32-arm64-msvc@2.10.0':
    optional: true

  '@tauri-apps/cli-win32-ia32-msvc@2.10.0':
    optional: true

  '@tauri-apps/cli-win32-x64-msvc@2.10.0':
    optional: true

  '@tauri-apps/cli@2.10.0':
    optionalDependencies:
      '@tauri-apps/cli-darwin-arm64': 2.10.0
      '@tauri-apps/cli-darwin-x64': 2.10.0
      '@tauri-apps/cli-linux-arm-gnueabihf': 2.10.0
      '@tauri-apps/cli-linux-arm64-gnu': 2.10.0
      '@tauri-apps/cli-linux-arm64-musl': 2.10.0
      '@tauri-apps/cli-linux-riscv64-gnu': 2.10.0
      '@tauri-apps/cli-linux-x64-gnu': 2.10.0
      '@tauri-apps/cli-linux-x64-musl': 2.10.0
      '@tauri-apps/cli-win32-arm64-msvc': 2.10.0
      '@tauri-apps/cli-win32-ia32-msvc': 2.10.0
      '@tauri-apps/cli-win32-x64-msvc': 2.10.0

  '@types/trusted-types@1.0.6': {}

  '@xterm/addon-fit@0.11.0': {}

  '@xterm/xterm@6.0.0': {}

  cookie@1.1.1: {}

  isomorphic.js@0.2.5: {}

  lib0@0.2.117:
    dependencies:
      isomorphic.js: 0.2.5

  monaco-editor@0.53.0:
    dependencies:
      '@types/trusted-types': 1.0.6

  node-addon-api@7.1.1: {}

  node-pty@1.1.0:
    dependencies:
      node-addon-api: 7.1.1

  react-dom@19.1.1(react@19.1.1):
    dependencies:
      react: 19.1.1
      scheduler: 0.26.0

  react-router-dom@7.13.0(react-dom@19.1.1(react@19.1.1))(react@19.1.1):
    dependencies:
      react: 19.1.1
      react-dom: 19.1.1(react@19.1.1)
      react-router: 7.13.0(react-dom@19.1.1(react@19.1.1))(react@19.1.1)

  react-router@7.13.0(react-dom@19.1.1(react@19.1.1))(react@19.1.1):
    dependencies:
      cookie: 1.1.1
      react: 19.1.1
      set-cookie-parser: 2.7.2
    optionalDependencies:
      react-dom: 19.1.1(react@19.1.1)

  react@19.1.1: {}

  scheduler@0.26.0: {}

  set-cookie-parser@2.7.2: {}

  state-local@1.0.7: {}

  y-monaco@0.1.6(monaco-editor@0.53.0)(yjs@13.6.29):
    dependencies:
      lib0: 0.2.117
      monaco-editor: 0.53.0
      yjs: 13.6.29

  y-protocols@1.0.7(yjs@13.6.29):
    dependencies:
      lib0: 0.2.117
      yjs: 13.6.29

  y-websocket@3.0.0(yjs@13.6.29):
    dependencies:
      lib0: 0.2.117
      y-protocols: 1.0.7(yjs@13.6.29)
      yjs: 13.6.29

  yjs@13.6.29:
    dependencies:
      lib0: 0.2.117
